// !$*UTF8*$!
{
	archiveVersion = 1;
	classes = {
	};
	objectVersion = 56;
	objects = {

/* Begin PBXBuildFile section */
		D479A1EC2B583F5800617408 /* AppDelegate.swift in Sources */ = {isa = PBXBuildFile; fileRef = D479A1EB2B583F5800617408 /* AppDelegate.swift */; };
		D479A1EE2B583F5800617408 /* SceneDelegate.swift in Sources */ = {isa = PBXBuildFile; fileRef = D479A1ED2B583F5800617408 /* SceneDelegate.swift */; };
		D479A1F02B583F5800617408 /* MainViewController.swift in Sources */ = {isa = PBXBuildFile; fileRef = D479A1EF2B583F5800617408 /* MainViewController.swift */; };
		D479A1F32B583F5800617408 /* Main.storyboard in Resources */ = {isa = PBXBuildFile; fileRef = D479A1F12B583F5800617408 /* Main.storyboard */; };
		D479A1F52B583F5A00617408 /* Assets.xcassets in Resources */ = {isa = PBXBuildFile; fileRef = D479A1F42B583F5A00617408 /* Assets.xcassets */; };
		D479A1F82B583F5A00617408 /* LaunchScreen.storyboard in Resources */ = {isa = PBXBuildFile; fileRef = D479A1F62B583F5A00617408 /* LaunchScreen.storyboard */; };
		D479A2002B583FE400617408 /* DeliveryViewController.swift in Sources */ = {isa = PBXBuildFile; fileRef = D479A1FF2B583FE400617408 /* DeliveryViewController.swift */; };
		D479A2022B583FEF00617408 /* RetrievalViewController.swift in Sources */ = {isa = PBXBuildFile; fileRef = D479A2012B583FEF00617408 /* RetrievalViewController.swift */; };
		D479A2042B583FFC00617408 /* DeliveryView.storyboard in Resources */ = {isa = PBXBuildFile; fileRef = D479A2032B583FFC00617408 /* DeliveryView.storyboard */; };
		D479A2062B58403900617408 /* RetrievalView.storyboard in Resources */ = {isa = PBXBuildFile; fileRef = D479A2052B58403900617408 /* RetrievalView.storyboard */; };
		D479A2092B584AE800617408 /* Courier in Frameworks */ = {isa = PBXBuildFile; productRef = D479A2082B584AE800617408 /* Courier */; };
/* End PBXBuildFile section */

/* Begin PBXFileReference section */
		D479A1E82B583F5800617408 /* CourierSDKTesterUIKit.app */ = {isa = PBXFileReference; explicitFileType = wrapper.application; includeInIndex = 0; path = CourierSDKTesterUIKit.app; sourceTree = BUILT_PRODUCTS_DIR; };
		D479A1EB2B583F5800617408 /* AppDelegate.swift */ = {isa = PBXFileReference; lastKnownFileType = sourcecode.swift; path = AppDelegate.swift; sourceTree = "<group>"; };
		D479A1ED2B583F5800617408 /* SceneDelegate.swift */ = {isa = PBXFileReference; lastKnownFileType = sourcecode.swift; path = SceneDelegate.swift; sourceTree = "<group>"; };
		D479A1EF2B583F5800617408 /* MainViewController.swift */ = {isa = PBXFileReference; lastKnownFileType = sourcecode.swift; path = MainViewController.swift; sourceTree = "<group>"; };
		D479A1F22B583F5800617408 /* Base */ = {isa = PBXFileReference; lastKnownFileType = file.storyboard; name = Base; path = Base.lproj/Main.storyboard; sourceTree = "<group>"; };
		D479A1F42B583F5A00617408 /* Assets.xcassets */ = {isa = PBXFileReference; lastKnownFileType = folder.assetcatalog; path = Assets.xcassets; sourceTree = "<group>"; };
		D479A1F72B583F5A00617408 /* Base */ = {isa = PBXFileReference; lastKnownFileType = file.storyboard; name = Base; path = Base.lproj/LaunchScreen.storyboard; sourceTree = "<group>"; };
		D479A1F92B583F5A00617408 /* Info.plist */ = {isa = PBXFileReference; lastKnownFileType = text.plist.xml; path = Info.plist; sourceTree = "<group>"; };
		D479A1FF2B583FE400617408 /* DeliveryViewController.swift */ = {isa = PBXFileReference; lastKnownFileType = sourcecode.swift; path = DeliveryViewController.swift; sourceTree = "<group>"; };
		D479A2012B583FEF00617408 /* RetrievalViewController.swift */ = {isa = PBXFileReference; lastKnownFileType = sourcecode.swift; path = RetrievalViewController.swift; sourceTree = "<group>"; };
		D479A2032B583FFC00617408 /* DeliveryView.storyboard */ = {isa = PBXFileReference; lastKnownFileType = file.storyboard; path = DeliveryView.storyboard; sourceTree = "<group>"; };
		D479A2052B58403900617408 /* RetrievalView.storyboard */ = {isa = PBXFileReference; lastKnownFileType = file.storyboard; path = RetrievalView.storyboard; sourceTree = "<group>"; };
		D479A20C2B584B7D00617408 /* ios-sdk-couriers */ = {isa = PBXFileReference; lastKnownFileType = wrapper; name = "ios-sdk-couriers"; path = ../../../../..; sourceTree = "<group>"; };
/* End PBXFileReference section */

/* Begin PBXFrameworksBuildPhase section */
		D479A1E52B583F5800617408 /* Frameworks */ = {
			isa = PBXFrameworksBuildPhase;
			buildActionMask = 2147483647;
			files = (
				D479A2092B584AE800617408 /* Courier in Frameworks */,
			);
			runOnlyForDeploymentPostprocessing = 0;
		};
/* End PBXFrameworksBuildPhase section */

/* Begin PBXGroup section */
		D479A1DF2B583F5800617408 = {
			isa = PBXGroup;
			children = (
				D479A1EA2B583F5800617408 /* CourierSDKTesterUIKit */,
				D479A20A2B584AF400617408 /* Frameworks */,
				D479A1E92B583F5800617408 /* Products */,
			);
			sourceTree = "<group>";
		};
		D479A1E92B583F5800617408 /* Products */ = {
			isa = PBXGroup;
			children = (
				D479A1E82B583F5800617408 /* CourierSDKTesterUIKit.app */,
			);
			name = Products;
			sourceTree = "<group>";
		};
		D479A1EA2B583F5800617408 /* CourierSDKTesterUIKit */ = {
			isa = PBXGroup;
			children = (
				D479A1EB2B583F5800617408 /* AppDelegate.swift */,
				D479A1ED2B583F5800617408 /* SceneDelegate.swift */,
				D479A1EF2B583F5800617408 /* MainViewController.swift */,
				D479A1F12B583F5800617408 /* Main.storyboard */,
				D479A1F42B583F5A00617408 /* Assets.xcassets */,
				D479A1F62B583F5A00617408 /* LaunchScreen.storyboard */,
				D479A1F92B583F5A00617408 /* Info.plist */,
				D479A1FF2B583FE400617408 /* DeliveryViewController.swift */,
				D479A2012B583FEF00617408 /* RetrievalViewController.swift */,
				D479A2032B583FFC00617408 /* DeliveryView.storyboard */,
				D479A2052B58403900617408 /* RetrievalView.storyboard */,
			);
			path = CourierSDKTesterUIKit;
			sourceTree = "<group>";
		};
		D479A20A2B584AF400617408 /* Frameworks */ = {
			isa = PBXGroup;
			children = (
				D479A20C2B584B7D00617408 /* ios-sdk-couriers */,
			);
			path = Frameworks;
			sourceTree = "<group>";
		};
/* End PBXGroup section */

/* Begin PBXNativeTarget section */
		D479A1E72B583F5800617408 /* CourierSDKTesterUIKit */ = {
			isa = PBXNativeTarget;
			buildConfigurationList = D479A1FC2B583F5A00617408 /* Build configuration list for PBXNativeTarget "CourierSDKTesterUIKit" */;
			buildPhases = (
				D479A1E42B583F5800617408 /* Sources */,
				D479A1E52B583F5800617408 /* Frameworks */,
				D479A1E62B583F5800617408 /* Resources */,
			);
			buildRules = (
			);
			dependencies = (
			);
			name = CourierSDKTesterUIKit;
			packageProductDependencies = (
				D479A2082B584AE800617408 /* Courier */,
			);
			productName = CourierSDKTesterUIKit;
			productReference = D479A1E82B583F5800617408 /* CourierSDKTesterUIKit.app */;
			productType = "com.apple.product-type.application";
		};
/* End PBXNativeTarget section */

/* Begin PBXProject section */
		D479A1E02B583F5800617408 /* Project object */ = {
			isa = PBXProject;
			attributes = {
				BuildIndependentTargetsInParallel = 1;
				LastSwiftUpdateCheck = 1520;
				LastUpgradeCheck = 1520;
				TargetAttributes = {
					D479A1E72B583F5800617408 = {
						CreatedOnToolsVersion = 15.2;
					};
				};
			};
			buildConfigurationList = D479A1E32B583F5800617408 /* Build configuration list for PBXProject "CourierSDKTesterUIKit" */;
			compatibilityVersion = "Xcode 14.0";
			developmentRegion = en;
			hasScannedForEncodings = 0;
			knownRegions = (
				en,
				Base,
			);
			mainGroup = D479A1DF2B583F5800617408;
			packageReferences = (
				D479A2072B584AE800617408 /* XCRemoteSwiftPackageReference "ios-sdk-couriers" */,
			);
			productRefGroup = D479A1E92B583F5800617408 /* Products */;
			projectDirPath = "";
			projectRoot = "";
			targets = (
				D479A1E72B583F5800617408 /* CourierSDKTesterUIKit */,
			);
		};
/* End PBXProject section */

/* Begin PBXResourcesBuildPhase section */
		D479A1E62B583F5800617408 /* Resources */ = {
			isa = PBXResourcesBuildPhase;
			buildActionMask = 2147483647;
			files = (
				D479A2062B58403900617408 /* RetrievalView.storyboard in Resources */,
				D479A1F82B583F5A00617408 /* LaunchScreen.storyboard in Resources */,
				D479A1F52B583F5A00617408 /* Assets.xcassets in Resources */,
				D479A1F32B583F5800617408 /* Main.storyboard in Resources */,
				D479A2042B583FFC00617408 /* DeliveryView.storyboard in Resources */,
			);
			runOnlyForDeploymentPostprocessing = 0;
		};
/* End PBXResourcesBuildPhase section */

/* Begin PBXSourcesBuildPhase section */
		D479A1E42B583F5800617408 /* Sources */ = {
			isa = PBXSourcesBuildPhase;
			buildActionMask = 2147483647;
			files = (
				D479A1F02B583F5800617408 /* MainViewController.swift in Sources */,
				D479A1EC2B583F5800617408 /* AppDelegate.swift in Sources */,
				D479A2022B583FEF00617408 /* RetrievalViewController.swift in Sources */,
				D479A2002B583FE400617408 /* DeliveryViewController.swift in Sources */,
				D479A1EE2B583F5800617408 /* SceneDelegate.swift in Sources */,
			);
			runOnlyForDeploymentPostprocessing = 0;
		};
/* End PBXSourcesBuildPhase section */

/* Begin PBXVariantGroup section */
		D479A1F12B583F5800617408 /* Main.storyboard */ = {
			isa = PBXVariantGroup;
			children = (
				D479A1F22B583F5800617408 /* Base */,
			);
			name = Main.storyboard;
			sourceTree = "<group>";
		};
		D479A1F62B583F5A00617408 /* LaunchScreen.storyboard */ = {
			isa = PBXVariantGroup;
			children = (
				D479A1F72B583F5A00617408 /* Base */,
			);
			name = LaunchScreen.storyboard;
			sourceTree = "<group>";
		};
/* End PBXVariantGroup section */

/* Begin XCBuildConfiguration section */
		D479A1FA2B583F5A00617408 /* Debug */ = {
			isa = XCBuildConfiguration;
			buildSettings = {
				ALWAYS_SEARCH_USER_PATHS = NO;
				ASSETCATALOG_COMPILER_GENERATE_SWIFT_ASSET_SYMBOL_EXTENSIONS = YES;
				CLANG_ANALYZER_NONNULL = YES;
				CLANG_ANALYZER_NUMBER_OBJECT_CONVERSION = YES_AGGRESSIVE;
				CLANG_CXX_LANGUAGE_STANDARD = "gnu++20";
				CLANG_ENABLE_MODULES = YES;
				CLANG_ENABLE_OBJC_ARC = YES;
				CLANG_ENABLE_OBJC_WEAK = YES;
				CLANG_WARN_BLOCK_CAPTURE_AUTORELEASING = YES;
				CLANG_WARN_BOOL_CONVERSION = YES;
				CLANG_WARN_COMMA = YES;
				CLANG_WARN_CONSTANT_CONVERSION = YES;
				CLANG_WARN_DEPRECATED_OBJC_IMPLEMENTATIONS = YES;
				CLANG_WARN_DIRECT_OBJC_ISA_USAGE = YES_ERROR;
				CLANG_WARN_DOCUMENTATION_COMMENTS = YES;
				CLANG_WARN_EMPTY_BODY = YES;
				CLANG_WARN_ENUM_CONVERSION = YES;
				CLANG_WARN_INFINITE_RECURSION = YES;
				CLANG_WARN_INT_CONVERSION = YES;
				CLANG_WARN_NON_LITERAL_NULL_CONVERSION = YES;
				CLANG_WARN_OBJC_IMPLICIT_RETAIN_SELF = YES;
				CLANG_WARN_OBJC_LITERAL_CONVERSION = YES;
				CLANG_WARN_OBJC_ROOT_CLASS = YES_ERROR;
				CLANG_WARN_QUOTED_INCLUDE_IN_FRAMEWORK_HEADER = YES;
				CLANG_WARN_RANGE_LOOP_ANALYSIS = YES;
				CLANG_WARN_STRICT_PROTOTYPES = YES;
				CLANG_WARN_SUSPICIOUS_MOVE = YES;
				CLANG_WARN_UNGUARDED_AVAILABILITY = YES_AGGRESSIVE;
				CLANG_WARN_UNREACHABLE_CODE = YES;
				CLANG_WARN__DUPLICATE_METHOD_MATCH = YES;
				COPY_PHASE_STRIP = NO;
				DEBUG_INFORMATION_FORMAT = dwarf;
				ENABLE_STRICT_OBJC_MSGSEND = YES;
				ENABLE_TESTABILITY = YES;
				ENABLE_USER_SCRIPT_SANDBOXING = YES;
				GCC_C_LANGUAGE_STANDARD = gnu17;
				GCC_DYNAMIC_NO_PIC = NO;
				GCC_NO_COMMON_BLOCKS = YES;
				GCC_OPTIMIZATION_LEVEL = 0;
				GCC_PREPROCESSOR_DEFINITIONS = (
					"DEBUG=1",
					"$(inherited)",
				);
				GCC_WARN_64_TO_32_BIT_CONVERSION = YES;
				GCC_WARN_ABOUT_RETURN_TYPE = YES_ERROR;
				GCC_WARN_UNDECLARED_SELECTOR = YES;
				GCC_WARN_UNINITIALIZED_AUTOS = YES_AGGRESSIVE;
				GCC_WARN_UNUSED_FUNCTION = YES;
				GCC_WARN_UNUSED_VARIABLE = YES;
				IPHONEOS_DEPLOYMENT_TARGET = 17.2;
				LOCALIZATION_PREFERS_STRING_CATALOGS = YES;
				MTL_ENABLE_DEBUG_INFO = INCLUDE_SOURCE;
				MTL_FAST_MATH = YES;
				ONLY_ACTIVE_ARCH = YES;
				SDKROOT = iphoneos;
				SWIFT_ACTIVE_COMPILATION_CONDITIONS = "DEBUG $(inherited)";
				SWIFT_OPTIMIZATION_LEVEL = "-Onone";
			};
			name = Debug;
		};
		D479A1FB2B583F5A00617408 /* Release */ = {
			isa = XCBuildConfiguration;
			buildSettings = {
				ALWAYS_SEARCH_USER_PATHS = NO;
				ASSETCATALOG_COMPILER_GENERATE_SWIFT_ASSET_SYMBOL_EXTENSIONS = YES;
				CLANG_ANALYZER_NONNULL = YES;
				CLANG_ANALYZER_NUMBER_OBJECT_CONVERSION = YES_AGGRESSIVE;
				CLANG_CXX_LANGUAGE_STANDARD = "gnu++20";
				CLANG_ENABLE_MODULES = YES;
				CLANG_ENABLE_OBJC_ARC = YES;
				CLANG_ENABLE_OBJC_WEAK = YES;
				CLANG_WARN_BLOCK_CAPTURE_AUTORELEASING = YES;
				CLANG_WARN_BOOL_CONVERSION = YES;
				CLANG_WARN_COMMA = YES;
				CLANG_WARN_CONSTANT_CONVERSION = YES;
				CLANG_WARN_DEPRECATED_OBJC_IMPLEMENTATIONS = YES;
				CLANG_WARN_DIRECT_OBJC_ISA_USAGE = YES_ERROR;
				CLANG_WARN_DOCUMENTATION_COMMENTS = YES;
				CLANG_WARN_EMPTY_BODY = YES;
				CLANG_WARN_ENUM_CONVERSION = YES;
				CLANG_WARN_INFINITE_RECURSION = YES;
				CLANG_WARN_INT_CONVERSION = YES;
				CLANG_WARN_NON_LITERAL_NULL_CONVERSION = YES;
				CLANG_WARN_OBJC_IMPLICIT_RETAIN_SELF = YES;
				CLANG_WARN_OBJC_LITERAL_CONVERSION = YES;
				CLANG_WARN_OBJC_ROOT_CLASS = YES_ERROR;
				CLANG_WARN_QUOTED_INCLUDE_IN_FRAMEWORK_HEADER = YES;
				CLANG_WARN_RANGE_LOOP_ANALYSIS = YES;
				CLANG_WARN_STRICT_PROTOTYPES = YES;
				CLANG_WARN_SUSPICIOUS_MOVE = YES;
				CLANG_WARN_UNGUARDED_AVAILABILITY = YES_AGGRESSIVE;
				CLANG_WARN_UNREACHABLE_CODE = YES;
				CLANG_WARN__DUPLICATE_METHOD_MATCH = YES;
				COPY_PHASE_STRIP = NO;
				DEBUG_INFORMATION_FORMAT = "dwarf-with-dsym";
				ENABLE_NS_ASSERTIONS = NO;
				ENABLE_STRICT_OBJC_MSGSEND = YES;
				ENABLE_USER_SCRIPT_SANDBOXING = YES;
				GCC_C_LANGUAGE_STANDARD = gnu17;
				GCC_NO_COMMON_BLOCKS = YES;
				GCC_WARN_64_TO_32_BIT_CONVERSION = YES;
				GCC_WARN_ABOUT_RETURN_TYPE = YES_ERROR;
				GCC_WARN_UNDECLARED_SELECTOR = YES;
				GCC_WARN_UNINITIALIZED_AUTOS = YES_AGGRESSIVE;
				GCC_WARN_UNUSED_FUNCTION = YES;
				GCC_WARN_UNUSED_VARIABLE = YES;
				IPHONEOS_DEPLOYMENT_TARGET = 17.2;
				LOCALIZATION_PREFERS_STRING_CATALOGS = YES;
				MTL_ENABLE_DEBUG_INFO = NO;
				MTL_FAST_MATH = YES;
				SDKROOT = iphoneos;
				SWIFT_COMPILATION_MODE = wholemodule;
				VALIDATE_PRODUCT = YES;
			};
			name = Release;
		};
		D479A1FD2B583F5A00617408 /* Debug */ = {
			isa = XCBuildConfiguration;
			buildSettings = {
				ASSETCATALOG_COMPILER_APPICON_NAME = AppIcon;
				ASSETCATALOG_COMPILER_GLOBAL_ACCENT_COLOR_NAME = AccentColor;
				CODE_SIGN_STYLE = Automatic;
				CURRENT_PROJECT_VERSION = 1;
				DEVELOPMENT_TEAM = 9RCD9NXUFP;
				GENERATE_INFOPLIST_FILE = YES;
				INFOPLIST_FILE = CourierSDKTesterUIKit/Info.plist;
				INFOPLIST_KEY_UIApplicationSupportsIndirectInputEvents = YES;
				INFOPLIST_KEY_UILaunchStoryboardName = LaunchScreen;
				INFOPLIST_KEY_UIMainStoryboardFile = Main;
				INFOPLIST_KEY_UISupportedInterfaceOrientations_iPad = "UIInterfaceOrientationPortrait UIInterfaceOrientationPortraitUpsideDown UIInterfaceOrientationLandscapeLeft UIInterfaceOrientationLandscapeRight";
				INFOPLIST_KEY_UISupportedInterfaceOrientations_iPhone = "UIInterfaceOrientationPortrait UIInterfaceOrientationLandscapeLeft UIInterfaceOrientationLandscapeRight";
				LD_RUNPATH_SEARCH_PATHS = (
					"$(inherited)",
					"@executable_path/Frameworks",
				);
				MARKETING_VERSION = 1.0;
				PRODUCT_BUNDLE_IDENTIFIER = com.citibox.CourierSDKTesterUIKit;
				PRODUCT_NAME = "$(TARGET_NAME)";
				SWIFT_EMIT_LOC_STRINGS = YES;
				SWIFT_VERSION = 5.0;
				TARGETED_DEVICE_FAMILY = "1,2";
			};
			name = Debug;
		};
		D479A1FE2B583F5A00617408 /* Release */ = {
			isa = XCBuildConfiguration;
			buildSettings = {
				ASSETCATALOG_COMPILER_APPICON_NAME = AppIcon;
				ASSETCATALOG_COMPILER_GLOBAL_ACCENT_COLOR_NAME = AccentColor;
				CODE_SIGN_STYLE = Automatic;
				CURRENT_PROJECT_VERSION = 1;
				DEVELOPMENT_TEAM = 9RCD9NXUFP;
				GENERATE_INFOPLIST_FILE = YES;
				INFOPLIST_FILE = CourierSDKTesterUIKit/Info.plist;
				INFOPLIST_KEY_UIApplicationSupportsIndirectInputEvents = YES;
				INFOPLIST_KEY_UILaunchStoryboardName = LaunchScreen;
				INFOPLIST_KEY_UIMainStoryboardFile = Main;
				INFOPLIST_KEY_UISupportedInterfaceOrientations_iPad = "UIInterfaceOrientationPortrait UIInterfaceOrientationPortraitUpsideDown UIInterfaceOrientationLandscapeLeft UIInterfaceOrientationLandscapeRight";
				INFOPLIST_KEY_UISupportedInterfaceOrientations_iPhone = "UIInterfaceOrientationPortrait UIInterfaceOrientationLandscapeLeft UIInterfaceOrientationLandscapeRight";
				LD_RUNPATH_SEARCH_PATHS = (
					"$(inherited)",
					"@executable_path/Frameworks",
				);
				MARKETING_VERSION = 1.0;
				PRODUCT_BUNDLE_IDENTIFIER = com.citibox.CourierSDKTesterUIKit;
				PRODUCT_NAME = "$(TARGET_NAME)";
				SWIFT_EMIT_LOC_STRINGS = YES;
				SWIFT_VERSION = 5.0;
				TARGETED_DEVICE_FAMILY = "1,2";
			};
			name = Release;
		};
/* End XCBuildConfiguration section */

/* Begin XCConfigurationList section */
		D479A1E32B583F5800617408 /* Build configuration list for PBXProject "CourierSDKTesterUIKit" */ = {
			isa = XCConfigurationList;
			buildConfigurations = (
				D479A1FA2B583F5A00617408 /* Debug */,
				D479A1FB2B583F5A00617408 /* Release */,
			);
			defaultConfigurationIsVisible = 0;
			defaultConfigurationName = Release;
		};
		D479A1FC2B583F5A00617408 /* Build configuration list for PBXNativeTarget "CourierSDKTesterUIKit" */ = {
			isa = XCConfigurationList;
			buildConfigurations = (
				D479A1FD2B583F5A00617408 /* Debug */,
				D479A1FE2B583F5A00617408 /* Release */,
			);
			defaultConfigurationIsVisible = 0;
			defaultConfigurationName = Release;
		};
/* End XCConfigurationList section */

/* Begin XCRemoteSwiftPackageReference section */
		D479A2072B584AE800617408 /* XCRemoteSwiftPackageReference "ios-sdk-couriers" */ = {
			isa = XCRemoteSwiftPackageReference;
			repositoryURL = "git@github.com:citibox/ios-sdk-couriers.git";
			requirement = {
				kind = upToNextMajorVersion;
				minimumVersion = 1.0.0;
			};
		};
/* End XCRemoteSwiftPackageReference section */

/* Begin XCSwiftPackageProductDependency section */
		D479A2082B584AE800617408 /* Courier */ = {
			isa = XCSwiftPackageProductDependency;
			package = D479A2072B584AE800617408 /* XCRemoteSwiftPackageReference "ios-sdk-couriers" */;
			productName = Courier;
		};
/* End XCSwiftPackageProductDependency section */
	};
	rootObject = D479A1E02B583F5800617408 /* Project object */;
}
